<?xml version="1.0" encoding="utf-8"?>
<Project ToolsVersion="4.0" xmlns="http://schemas.microsoft.com/developer/msbuild/2003">
  <ItemGroup>
    <Filter Include="99.Defines">
      <UniqueIdentifier>{c9753e72-ca0c-4ca7-a2ac-0ac6212134a0}</UniqueIdentifier>
    </Filter>
    <Filter Include="02.Device">
      <UniqueIdentifier>{d402cf92-ceea-432f-a595-06e43ac1a977}</UniqueIdentifier>
    </Filter>
    <Filter Include="00.GameInstance">
      <UniqueIdentifier>{d6c0768a-c9e6-439f-a11f-cdd1b9789740}</UniqueIdentifier>
    </Filter>
    <Filter Include="01.Timers">
      <UniqueIdentifier>{43dedef0-3557-41dc-9a90-a038317985ff}</UniqueIdentifier>
    </Filter>
    <Filter Include="01.Timers\Manager">
      <UniqueIdentifier>{c458c53b-170e-4659-9f5a-49ed50abbb0f}</UniqueIdentifier>
    </Filter>
    <Filter Include="03.Level">
      <UniqueIdentifier>{ba2dedc7-ed67-40d0-99e2-b7fdf8c93007}</UniqueIdentifier>
    </Filter>
    <Filter Include="03.Level\Manager">
      <UniqueIdentifier>{1a124132-0647-44f7-9f60-6843cc9b5de0}</UniqueIdentifier>
    </Filter>
    <Filter Include="04.Prototype">
      <UniqueIdentifier>{e2db0c2d-f9fe-4fbe-b79f-63cf618ff037}</UniqueIdentifier>
    </Filter>
    <Filter Include="04.Prototype\Manager">
      <UniqueIdentifier>{036798f6-eb16-4fec-a559-0888cddc0bc7}</UniqueIdentifier>
    </Filter>
    <Filter Include="05.GameObject">
      <UniqueIdentifier>{5cb603ba-2f7a-46a4-abc4-09513f44a08a}</UniqueIdentifier>
    </Filter>
    <Filter Include="05.GameObject\Manager">
      <UniqueIdentifier>{df281d16-a3cf-49e1-a13b-eac8d16fbf17}</UniqueIdentifier>
    </Filter>
    <Filter Include="06.Component">
      <UniqueIdentifier>{ce8d658b-f4c8-45d8-b95b-6b0afd486d5c}</UniqueIdentifier>
    </Filter>
    <Filter Include="06.Component\Transform">
      <UniqueIdentifier>{bbe0fa57-0ad2-47d8-8581-e8bae60a587a}</UniqueIdentifier>
    </Filter>
    <Filter Include="05.GameObject\Manager\Layer">
      <UniqueIdentifier>{75a0f852-b1a4-4c84-abc0-2669d91b75d9}</UniqueIdentifier>
    </Filter>
    <Filter Include="07.Renderer">
      <UniqueIdentifier>{d7e18be3-d134-4ca0-bbe6-e88f7eafdb06}</UniqueIdentifier>
    </Filter>
    <Filter Include="98.ImGui">
      <UniqueIdentifier>{0ecd0888-7f70-4da5-a0c6-5a4d892097c7}</UniqueIdentifier>
    </Filter>
    <Filter Include="98.ImGui\Manager">
      <UniqueIdentifier>{4c6f2679-d73d-4595-a10d-6c03019da44a}</UniqueIdentifier>
    </Filter>
    <Filter Include="98.ImGui\Gizmo">
      <UniqueIdentifier>{d36bf000-3480-481a-ac28-d5cd31ee5264}</UniqueIdentifier>
    </Filter>
    <Filter Include="97.Assimp">
      <UniqueIdentifier>{3dceab2d-5d2c-4ea9-8622-515bbf5d93bb}</UniqueIdentifier>
    </Filter>
    <Filter Include="97.Assimp\TextureLoader">
      <UniqueIdentifier>{75d12d3b-d7bd-44d6-a688-4729f8a17603}</UniqueIdentifier>
    </Filter>
    <Filter Include="97.Assimp\ModelLoader">
      <UniqueIdentifier>{2c666ee2-351f-43db-983a-f70b7a71c5a1}</UniqueIdentifier>
    </Filter>
    <Filter Include="95.Camera">
      <UniqueIdentifier>{6bbb1fd7-889b-4ce6-93df-ac16dc96ab0e}</UniqueIdentifier>
    </Filter>
    <Filter Include="06.Component\Cube">
      <UniqueIdentifier>{86594362-aaf7-4b8c-a527-da8d0aa75db1}</UniqueIdentifier>
    </Filter>
    <Filter Include="06.Component\VIBuffer">
      <UniqueIdentifier>{5cabf052-270a-43ba-a25f-8aed61698b2f}</UniqueIdentifier>
    </Filter>
    <Filter Include="06.Component\VIBuffer\Rect">
      <UniqueIdentifier>{3fc2152e-032a-409f-b485-fa99394ced22}</UniqueIdentifier>
    </Filter>
    <Filter Include="06.Component\VIBuffer\Terrian">
      <UniqueIdentifier>{eeaca35f-f3a0-477b-bc40-dc74ddf419c1}</UniqueIdentifier>
    </Filter>
    <Filter Include="06.Component\VIBuffer\Cube">
      <UniqueIdentifier>{54b34834-75a7-446b-a7ab-d221039667a7}</UniqueIdentifier>
    </Filter>
    <Filter Include="98.ImGui\Imgui">
      <UniqueIdentifier>{12fc1452-2830-41bd-b75a-f9b6d762337c}</UniqueIdentifier>
    </Filter>
    <Filter Include="94.Helper">
      <UniqueIdentifier>{04c818da-8af1-44de-8f28-5d9952d83923}</UniqueIdentifier>
    </Filter>
    <Filter Include="93.DInput">
      <UniqueIdentifier>{7a9eb76c-1a6e-4f42-a2b3-a9da69d02bb1}</UniqueIdentifier>
    </Filter>
    <Filter Include="06.Component\Collider">
      <UniqueIdentifier>{5af76609-2098-4d4b-a519-e4269181509e}</UniqueIdentifier>
    </Filter>
    <Filter Include="06.Component\Collider\OBB">
      <UniqueIdentifier>{4f128c4b-7ded-4d4a-9994-8848a0878c4a}</UniqueIdentifier>
    </Filter>
    <Filter Include="06.Component\Collider\AABB">
      <UniqueIdentifier>{6655620f-f00f-4599-a458-4df435367aca}</UniqueIdentifier>
    </Filter>
    <Filter Include="06.Component\Manager">
      <UniqueIdentifier>{12531f1b-9d5c-4c88-95dd-0a7268226fdc}</UniqueIdentifier>
    </Filter>
    <Filter Include="06.Component\VIBuffer\Model">
      <UniqueIdentifier>{8fec0f24-a4d8-4212-859c-7bd625ea5d95}</UniqueIdentifier>
    </Filter>
    <Filter Include="92.SaveLoad">
      <UniqueIdentifier>{d6ffea2c-c4f2-4ed1-886b-c391775e99ab}</UniqueIdentifier>
    </Filter>
    <Filter Include="06.Component\Texture">
      <UniqueIdentifier>{b4922a52-a714-45f2-9f75-6eca6b341cd6}</UniqueIdentifier>
    </Filter>
    <Filter Include="06.Component\Shader">
      <UniqueIdentifier>{ca4fe118-a508-4062-abe6-383aac7ed521}</UniqueIdentifier>
    </Filter>
    <Filter Include="05.GameObject\UIObject">
      <UniqueIdentifier>{ac3c21cf-abc8-46bf-8878-d966b56bf7bc}</UniqueIdentifier>
    </Filter>
    <Filter Include="08.PipeLine">
      <UniqueIdentifier>{1c7bf0cf-e6ee-452e-807d-97e63c13e234}</UniqueIdentifier>
    </Filter>
    <Filter Include="09.Item_Manager">
      <UniqueIdentifier>{b83c23bc-28e2-4340-aab4-d340636f4cfb}</UniqueIdentifier>
    </Filter>
    <Filter Include="10.Font">
      <UniqueIdentifier>{d8ea077f-4f0f-455a-8c62-bbee660767a4}</UniqueIdentifier>
    </Filter>
    <Filter Include="06.Component\Shader\files">
      <UniqueIdentifier>{45a42de5-8f1f-48b4-807a-c6dd4adb115f}</UniqueIdentifier>
    </Filter>
    <Filter Include="06.Component\Model">
      <UniqueIdentifier>{8e918e89-823b-466d-aa38-5344ebda93b3}</UniqueIdentifier>
    </Filter>
    <Filter Include="06.Component\Model\Mesh">
      <UniqueIdentifier>{bf18b14a-a77c-4321-911b-e2397b4ae428}</UniqueIdentifier>
    </Filter>
  </ItemGroup>
  <ItemGroup>
    <ClInclude Include="..\Public\Engine_Defines.h">
      <Filter>99.Defines</Filter>
    </ClInclude>
    <ClInclude Include="..\Public\Engine_Enum.h">
      <Filter>99.Defines</Filter>
    </ClInclude>
    <ClInclude Include="..\Public\Engine_Function.h">
      <Filter>99.Defines</Filter>
    </ClInclude>
    <ClInclude Include="..\Public\Engine_Macro.h">
      <Filter>99.Defines</Filter>
    </ClInclude>
    <ClInclude Include="..\Public\Engine_Struct.h">
      <Filter>99.Defines</Filter>
    </ClInclude>
    <ClInclude Include="..\Public\Engine_Typedef.h">
      <Filter>99.Defines</Filter>
    </ClInclude>
    <ClInclude Include="..\Public\Graphic_Device.h">
      <Filter>02.Device</Filter>
    </ClInclude>
    <ClInclude Include="..\Public\GameInstance.h">
      <Filter>00.GameInstance</Filter>
    </ClInclude>
    <ClInclude Include="..\Public\Timer.h">
      <Filter>01.Timers</Filter>
    </ClInclude>
    <ClInclude Include="..\Public\Timer_Manager.h">
      <Filter>01.Timers\Manager</Filter>
    </ClInclude>
    <ClInclude Include="..\Public\Level_Manager.h">
      <Filter>03.Level\Manager</Filter>
    </ClInclude>
    <ClInclude Include="..\Public\Level.h">
      <Filter>03.Level</Filter>
    </ClInclude>
    <ClInclude Include="..\Public\Prototype_Manager.h">
      <Filter>04.Prototype\Manager</Filter>
    </ClInclude>
    <ClInclude Include="..\Public\Prototype.h">
      <Filter>04.Prototype</Filter>
    </ClInclude>
    <ClInclude Include="..\Public\GameObject.h">
      <Filter>05.GameObject</Filter>
    </ClInclude>
    <ClInclude Include="..\Public\Object_Manager.h">
      <Filter>05.GameObject\Manager</Filter>
    </ClInclude>
    <ClInclude Include="..\Public\Component.h">
      <Filter>06.Component</Filter>
    </ClInclude>
    <ClInclude Include="..\Public\Transform.h">
      <Filter>06.Component\Transform</Filter>
    </ClInclude>
    <ClInclude Include="..\Public\Layer.h">
      <Filter>05.GameObject\Manager\Layer</Filter>
    </ClInclude>
    <ClInclude Include="..\Public\Renderer.h">
      <Filter>07.Renderer</Filter>
    </ClInclude>
    <ClInclude Include="..\Public\CImguiMgr.h">
      <Filter>98.ImGui\Manager</Filter>
    </ClInclude>
    <ClInclude Include="..\Public\TextureLoader.h">
      <Filter>97.Assimp\TextureLoader</Filter>
    </ClInclude>
    <ClInclude Include="..\Public\Mesh.h">
      <Filter>97.Assimp</Filter>
    </ClInclude>
    <ClInclude Include="..\Public\ModelLoader.h">
      <Filter>97.Assimp\ModelLoader</Filter>
    </ClInclude>
    <ClInclude Include="..\Public\Model.h">
      <Filter>97.Assimp</Filter>
    </ClInclude>
    <ClInclude Include="..\Public\Shader.h">
      <Filter>06.Component\Shader</Filter>
    </ClInclude>
    <ClInclude Include="..\Public\VIBuffer.h">
      <Filter>06.Component\VIBuffer</Filter>
    </ClInclude>
    <ClInclude Include="..\Public\VIBuffer_Rect.h">
      <Filter>06.Component\VIBuffer\Rect</Filter>
    </ClInclude>
    <ClInclude Include="..\Public\Camera.h">
      <Filter>95.Camera</Filter>
    </ClInclude>
    <ClInclude Include="..\Public\Helper.h">
      <Filter>94.Helper</Filter>
    </ClInclude>
    <ClInclude Include="..\Public\DInput_Manager.h">
      <Filter>93.DInput</Filter>
    </ClInclude>
    <ClInclude Include="..\Public\Obb.h">
      <Filter>06.Component\Collider\OBB</Filter>
    </ClInclude>
    <ClInclude Include="..\Public\AABB.h">
      <Filter>06.Component\Collider\AABB</Filter>
    </ClInclude>
    <ClInclude Include="..\Public\VIBuffer_Cube.h">
      <Filter>06.Component\VIBuffer\Cube</Filter>
    </ClInclude>
    <ClInclude Include="..\Public\Collider_Manager.h">
      <Filter>06.Component\Manager</Filter>
    </ClInclude>
    <ClInclude Include="..\Public\Collider.h">
      <Filter>06.Component\Collider</Filter>
    </ClInclude>
    <ClInclude Include="..\Public\VIBuffer_Model.h">
      <Filter>06.Component\VIBuffer\Model</Filter>
    </ClInclude>
    <ClInclude Include="..\Public\CModelObject.h">
      <Filter>05.GameObject</Filter>
    </ClInclude>
    <ClInclude Include="..\Public\SaveLoad_Manager.h">
      <Filter>92.SaveLoad</Filter>
    </ClInclude>
    <ClInclude Include="..\public\Texture.h">
      <Filter>06.Component\Texture</Filter>
    </ClInclude>
    <ClInclude Include="..\Public\UIObject.h">
      <Filter>05.GameObject\UIObject</Filter>
    </ClInclude>
    <ClInclude Include="..\Public\PipeLine.h">
      <Filter>08.PipeLine</Filter>
    </ClInclude>
    <ClInclude Include="..\Public\Item_Manager.h">
      <Filter>09.Item_Manager</Filter>
    </ClInclude>
    <ClInclude Include="..\Public\Font_Manager.h">
      <Filter>10.Font</Filter>
    </ClInclude>
    <ClInclude Include="..\public\CModel.h">
      <Filter>06.Component\Model</Filter>
    </ClInclude>
    <ClInclude Include="..\public\CMesh.h">
      <Filter>06.Component\Model\Mesh</Filter>
    </ClInclude>
  </ItemGroup>
  <ItemGroup>
    <ClCompile Include="..\Private\Graphic_Device.cpp">
      <Filter>02.Device</Filter>
    </ClCompile>
    <ClCompile Include="..\Private\GameInstance.cpp">
      <Filter>00.GameInstance</Filter>
    </ClCompile>
    <ClCompile Include="..\Private\Timer.cpp">
      <Filter>01.Timers</Filter>
    </ClCompile>
    <ClCompile Include="..\Private\Timer_Manager.cpp">
      <Filter>01.Timers\Manager</Filter>
    </ClCompile>
    <ClCompile Include="..\Private\Level_Manager.cpp">
      <Filter>03.Level\Manager</Filter>
    </ClCompile>
    <ClCompile Include="..\Private\Level.cpp">
      <Filter>03.Level</Filter>
    </ClCompile>
    <ClCompile Include="..\Private\Prototype_Manager.cpp">
      <Filter>04.Prototype\Manager</Filter>
    </ClCompile>
    <ClCompile Include="..\Private\Prototype.cpp">
      <Filter>04.Prototype</Filter>
    </ClCompile>
    <ClCompile Include="..\Private\GameObject.cpp">
      <Filter>05.GameObject</Filter>
    </ClCompile>
    <ClCompile Include="..\Private\Object_Manager.cpp">
      <Filter>05.GameObject\Manager</Filter>
    </ClCompile>
    <ClCompile Include="..\Private\Component.cpp">
      <Filter>06.Component</Filter>
    </ClCompile>
    <ClCompile Include="..\Private\Transform.cpp">
      <Filter>06.Component\Transform</Filter>
    </ClCompile>
    <ClCompile Include="..\Private\Layer.cpp">
      <Filter>05.GameObject\Manager\Layer</Filter>
    </ClCompile>
    <ClCompile Include="..\Private\Renderer.cpp">
      <Filter>07.Renderer</Filter>
    </ClCompile>
    <ClCompile Include="..\Private\CImguiMgr.cpp">
      <Filter>98.ImGui\Manager</Filter>
    </ClCompile>
    <ClCompile Include="..\Private\TextureLoader.cpp">
      <Filter>97.Assimp\TextureLoader</Filter>
    </ClCompile>
    <ClCompile Include="..\Private\Mesh.cpp">
      <Filter>97.Assimp</Filter>
    </ClCompile>
    <ClCompile Include="..\Private\ModelLoader.cpp">
      <Filter>97.Assimp\ModelLoader</Filter>
    </ClCompile>
    <ClCompile Include="..\Private\Model.cpp">
      <Filter>97.Assimp</Filter>
    </ClCompile>
    <ClCompile Include="..\Private\Shader.cpp">
      <Filter>06.Component\Shader</Filter>
    </ClCompile>
    <ClCompile Include="..\Private\VIBuffer.cpp">
      <Filter>06.Component\VIBuffer</Filter>
    </ClCompile>
    <ClCompile Include="..\Private\VIBuffer_Rect.cpp">
      <Filter>06.Component\VIBuffer\Rect</Filter>
    </ClCompile>
    <ClCompile Include="..\..\ThirdParty\imgui\ImGuizmo-1.83\GraphEditor.cpp">
      <Filter>98.ImGui\Gizmo</Filter>
    </ClCompile>
    <ClCompile Include="..\..\ThirdParty\imgui\ImGuizmo-1.83\ImCurveEdit.cpp">
      <Filter>98.ImGui\Gizmo</Filter>
    </ClCompile>
    <ClCompile Include="..\..\ThirdParty\imgui\ImGuizmo-1.83\ImSequencer.cpp">
      <Filter>98.ImGui\Gizmo</Filter>
    </ClCompile>
    <ClCompile Include="..\..\ThirdParty\imgui\imgui-1.83\imgui.cpp">
      <Filter>98.ImGui\Imgui</Filter>
    </ClCompile>
    <ClCompile Include="..\..\ThirdParty\imgui\imgui-1.83\imgui_demo.cpp">
      <Filter>98.ImGui\Imgui</Filter>
    </ClCompile>
    <ClCompile Include="..\..\ThirdParty\imgui\imgui-1.83\imgui_draw.cpp">
      <Filter>98.ImGui\Imgui</Filter>
    </ClCompile>
    <ClCompile Include="..\..\ThirdParty\imgui\imgui-1.83\imgui_impl_dx11.cpp">
      <Filter>98.ImGui\Imgui</Filter>
    </ClCompile>
    <ClCompile Include="..\..\ThirdParty\imgui\imgui-1.83\imgui_impl_win32.cpp">
      <Filter>98.ImGui\Imgui</Filter>
    </ClCompile>
    <ClCompile Include="..\..\ThirdParty\imgui\imgui-1.83\imgui_tables.cpp">
      <Filter>98.ImGui\Imgui</Filter>
    </ClCompile>
    <ClCompile Include="..\..\ThirdParty\imgui\imgui-1.83\imgui_widgets.cpp">
      <Filter>98.ImGui\Imgui</Filter>
    </ClCompile>
    <ClCompile Include="..\..\ThirdParty\imgui\ImGuizmo-1.83\ImGradient.cpp">
      <Filter>98.ImGui\Gizmo</Filter>
    </ClCompile>
    <ClCompile Include="..\..\ThirdParty\imgui\ImGuizmo-1.83\ImGuizmo.cpp">
      <Filter>98.ImGui\Gizmo</Filter>
    </ClCompile>
    <ClCompile Include="..\Private\Camera.cpp">
      <Filter>95.Camera</Filter>
    </ClCompile>
    <ClCompile Include="..\Private\Helper.cpp">
      <Filter>94.Helper</Filter>
    </ClCompile>
    <ClCompile Include="..\Private\DInput_Manager.cpp">
      <Filter>93.DInput</Filter>
    </ClCompile>
    <ClCompile Include="..\Private\Obb.cpp">
      <Filter>06.Component\Collider\OBB</Filter>
    </ClCompile>
    <ClCompile Include="..\Private\AABB.cpp">
      <Filter>06.Component\Collider\AABB</Filter>
    </ClCompile>
    <ClCompile Include="..\Private\VIBuffer_Cube.cpp">
      <Filter>06.Component\VIBuffer\Cube</Filter>
    </ClCompile>
    <ClCompile Include="..\Private\Collider_Manager.cpp">
      <Filter>06.Component\Manager</Filter>
    </ClCompile>
    <ClCompile Include="..\Private\Collider.cpp">
      <Filter>06.Component\Collider</Filter>
    </ClCompile>
    <ClCompile Include="..\Private\VIBuffer_Model.cpp">
      <Filter>06.Component\VIBuffer\Model</Filter>
    </ClCompile>
    <ClCompile Include="..\Private\CModelObject.cpp">
      <Filter>05.GameObject</Filter>
    </ClCompile>
    <ClCompile Include="..\Private\SaveLoad_Manager.cpp">
      <Filter>92.SaveLoad</Filter>
    </ClCompile>
    <ClCompile Include="..\private\Texture.cpp">
      <Filter>06.Component\Texture</Filter>
    </ClCompile>
    <ClCompile Include="..\Private\UIObject.cpp">
      <Filter>05.GameObject\UIObject</Filter>
    </ClCompile>
    <ClCompile Include="..\Private\PipeLine.cpp">
      <Filter>08.PipeLine</Filter>
    </ClCompile>
    <ClCompile Include="..\Private\Item_Manager.cpp">
      <Filter>09.Item_Manager</Filter>
    </ClCompile>
    <ClCompile Include="..\Private\Font_Manager.cpp">
      <Filter>10.Font</Filter>
    </ClCompile>
    <ClCompile Include="..\private\CModel.cpp">
      <Filter>06.Component\Model</Filter>
    </ClCompile>
    <ClCompile Include="..\private\CMesh.cpp">
      <Filter>06.Component\Model\Mesh</Filter>
    </ClCompile>
  </ItemGroup>
</Project>