<?xml version="1.0" encoding="utf-8"?>
<Project ToolsVersion="4.0" xmlns="http://schemas.microsoft.com/developer/msbuild/2003">
  <ItemGroup>
    <Filter Include="99.Default">
      <UniqueIdentifier>{24d02944-0f0f-4672-8508-5497e38af20c}</UniqueIdentifier>
    </Filter>
    <Filter Include="00.MainApp">
      <UniqueIdentifier>{abfb389d-e421-4292-bdbd-a256b3a82dfe}</UniqueIdentifier>
    </Filter>
    <Filter Include="98.Defines">
      <UniqueIdentifier>{ece059f9-1d9f-42b9-a833-0cf489e43bf4}</UniqueIdentifier>
    </Filter>
    <Filter Include="01.Levels">
      <UniqueIdentifier>{e76a50fd-a3fe-4472-bd3c-6217cc6bdb8d}</UniqueIdentifier>
    </Filter>
    <Filter Include="01.Levels\Loading">
      <UniqueIdentifier>{3e79cb57-a720-47f4-a876-c1fa5cc90ee4}</UniqueIdentifier>
    </Filter>
    <Filter Include="01.Levels\Logo">
      <UniqueIdentifier>{cafd4acc-c595-40e9-90bf-9b3c26dd061a}</UniqueIdentifier>
    </Filter>
    <Filter Include="01.Levels\Loading\Loader">
      <UniqueIdentifier>{07161b62-bf41-4681-955f-0388e0645021}</UniqueIdentifier>
    </Filter>
    <Filter Include="02.GameObject">
      <UniqueIdentifier>{d2cffcae-62d1-4c6b-8129-78d64cd44044}</UniqueIdentifier>
    </Filter>
    <Filter Include="02.GameObject\00.BackGround">
      <UniqueIdentifier>{a5614f95-22d8-423c-9c18-a5bdb7ab43d7}</UniqueIdentifier>
    </Filter>
    <Filter Include="97.ImguiHandler">
      <UniqueIdentifier>{4721d10c-98c2-43b0-ab68-12825102d29e}</UniqueIdentifier>
    </Filter>
    <Filter Include="02.GameObject\01.Camera">
      <UniqueIdentifier>{fcae4e99-ffce-4fbe-a9c6-82282901bae0}</UniqueIdentifier>
    </Filter>
    <Filter Include="01.Levels\Shelter">
      <UniqueIdentifier>{303d98b8-933b-414d-9968-81c01e169d05}</UniqueIdentifier>
    </Filter>
    <Filter Include="01.Levels\Stage1">
      <UniqueIdentifier>{ba5c6d18-74a1-4389-ae20-24f77a597bfb}</UniqueIdentifier>
    </Filter>
    <Filter Include="01.Levels\Stage2">
      <UniqueIdentifier>{691643ed-e087-4e3c-afcb-7dfbb99c2736}</UniqueIdentifier>
    </Filter>
    <Filter Include="Shaderfiles">
      <UniqueIdentifier>{0f9bce9d-69c1-43b2-be1a-ccf1163cf473}</UniqueIdentifier>
    </Filter>
    <Filter Include="FSM">
      <UniqueIdentifier>{cc240e1b-d3d3-489a-ba3d-3de5a88fbae4}</UniqueIdentifier>
    </Filter>
    <Filter Include="FSM\Character">
      <UniqueIdentifier>{dc3baa2a-3a13-4270-a29d-b1766c86caa8}</UniqueIdentifier>
    </Filter>
    <Filter Include="FSM\AnimationState">
      <UniqueIdentifier>{ec33ba4f-1ddc-49d6-b959-344b61bc9c35}</UniqueIdentifier>
    </Filter>
    <Filter Include="FSM\Player">
      <UniqueIdentifier>{3e201436-b57a-4127-b528-5476bb7c0050}</UniqueIdentifier>
    </Filter>
    <Filter Include="02.GameObject\StairCollider">
      <UniqueIdentifier>{59cc50af-5243-4304-aca8-7be0c7b1def4}</UniqueIdentifier>
    </Filter>
    <Filter Include="FSM\Zombie">
      <UniqueIdentifier>{25a90272-6d48-4360-8919-4eba657f188b}</UniqueIdentifier>
    </Filter>
    <Filter Include="02.GameObject\03.Zombie">
      <UniqueIdentifier>{3758ce96-c942-49db-a17f-f08938374e11}</UniqueIdentifier>
    </Filter>
    <Filter Include="02.GameObject\02.Player">
      <UniqueIdentifier>{7d9a787e-4300-4ed0-9f1d-086ab5a3bf85}</UniqueIdentifier>
    </Filter>
    <Filter Include="02.GameObject\02.Player\Body">
      <UniqueIdentifier>{732c48d2-ac3a-452a-85f8-694390aee34f}</UniqueIdentifier>
    </Filter>
    <Filter Include="02.GameObject\02.Player\Effect">
      <UniqueIdentifier>{5536d65e-434f-4ebf-a5da-aeb53f69afb1}</UniqueIdentifier>
    </Filter>
    <Filter Include="02.GameObject\02.Player\UI">
      <UniqueIdentifier>{6f318414-42c0-4fda-ba51-3ba03d260b9f}</UniqueIdentifier>
    </Filter>
    <Filter Include="02.GameObject\02.Player\Weapon">
      <UniqueIdentifier>{849ae277-3042-41f4-849e-56161698b36b}</UniqueIdentifier>
    </Filter>
    <Filter Include="02.GameObject\04.Inventory">
      <UniqueIdentifier>{89c7534c-cec4-4b3c-ba94-10d1d27dc5b8}</UniqueIdentifier>
    </Filter>
    <Filter Include="02.GameObject\04.Inventory\ItemFrame">
      <UniqueIdentifier>{94d98f2a-1bb1-4df9-b438-4451e347bba8}</UniqueIdentifier>
    </Filter>
    <Filter Include="02.GameObject\04.Inventory\ItemIcon">
      <UniqueIdentifier>{732d27f0-a88d-4c31-92ea-aa5737330dcb}</UniqueIdentifier>
    </Filter>
    <Filter Include="02.GameObject\04.Inventory\EquipBorder">
      <UniqueIdentifier>{a9135561-4af1-4332-9d99-807af66b3a9b}</UniqueIdentifier>
    </Filter>
    <Filter Include="02.GameObject\03.Zombie\Body">
      <UniqueIdentifier>{111e9d49-5d23-4303-97e8-15a5ddb28eb1}</UniqueIdentifier>
    </Filter>
    <Filter Include="02.GameObject\05.Sky">
      <UniqueIdentifier>{1cb9ae62-dd29-439a-a882-b25c30dfede9}</UniqueIdentifier>
    </Filter>
  </ItemGroup>
  <ItemGroup>
    <ClInclude Include="targetver.h">
      <Filter>99.Default</Filter>
    </ClInclude>
    <ClInclude Include="Client.h">
      <Filter>99.Default</Filter>
    </ClInclude>
    <ClInclude Include="framework.h">
      <Filter>99.Default</Filter>
    </ClInclude>
    <ClInclude Include="Resource.h">
      <Filter>99.Default</Filter>
    </ClInclude>
    <ClInclude Include="..\Public\MainApp.h">
      <Filter>00.MainApp</Filter>
    </ClInclude>
    <ClInclude Include="..\Public\Client_Defines.h">
      <Filter>98.Defines</Filter>
    </ClInclude>
    <ClInclude Include="..\Public\Loader.h">
      <Filter>01.Levels\Loading\Loader</Filter>
    </ClInclude>
    <ClInclude Include="..\Public\Level_Logo.h">
      <Filter>01.Levels\Logo</Filter>
    </ClInclude>
    <ClInclude Include="..\Public\Level_Loading.h">
      <Filter>01.Levels\Loading</Filter>
    </ClInclude>
    <ClInclude Include="..\Public\BackGround.h">
      <Filter>02.GameObject\00.BackGround</Filter>
    </ClInclude>
    <ClInclude Include="..\Public\Player.h">
      <Filter>02.GameObject\02.Player</Filter>
    </ClInclude>
    <ClInclude Include="..\Public\ImguiHandler.h">
      <Filter>97.ImguiHandler</Filter>
    </ClInclude>
    <ClInclude Include="..\public\Camera_Free.h">
      <Filter>02.GameObject\01.Camera</Filter>
    </ClInclude>
    <ClInclude Include="..\Public\Level_Shelter.h">
      <Filter>01.Levels\Shelter</Filter>
    </ClInclude>
    <ClInclude Include="..\public\Inventory.h">
      <Filter>02.GameObject\04.Inventory</Filter>
    </ClInclude>
    <ClInclude Include="..\public\ItemFrame.h">
      <Filter>02.GameObject\04.Inventory\ItemFrame</Filter>
    </ClInclude>
    <ClInclude Include="..\public\ItemIcon.h">
      <Filter>02.GameObject\04.Inventory\ItemIcon</Filter>
    </ClInclude>
    <ClInclude Include="..\public\EquipBorder.h">
      <Filter>02.GameObject\04.Inventory\EquipBorder</Filter>
    </ClInclude>
    <ClInclude Include="..\Public\Level_Stage1.h">
      <Filter>01.Levels\Stage1</Filter>
    </ClInclude>
    <ClInclude Include="..\public\Level_Stage2.h">
      <Filter>01.Levels\Stage2</Filter>
    </ClInclude>
    <ClInclude Include="..\public\State.h">
      <Filter>FSM</Filter>
    </ClInclude>
    <ClInclude Include="..\public\Player_Idle.h">
      <Filter>FSM\Player</Filter>
    </ClInclude>
    <ClInclude Include="..\public\Body_Player.h">
      <Filter>02.GameObject\02.Player\Body</Filter>
    </ClInclude>
    <ClInclude Include="..\public\StateMachine.h">
      <Filter>FSM</Filter>
    </ClInclude>
    <ClInclude Include="..\public\Player_Run.h">
      <Filter>FSM\Player</Filter>
    </ClInclude>
    <ClInclude Include="..\public\Player_Walk.h">
      <Filter>FSM\Player</Filter>
    </ClInclude>
    <ClInclude Include="..\public\Player_Attack.h">
      <Filter>FSM\Player</Filter>
    </ClInclude>
    <ClInclude Include="..\public\Player_Stair.h">
      <Filter>FSM\Player</Filter>
    </ClInclude>
    <ClInclude Include="..\public\Stair_Collider.h">
      <Filter>02.GameObject\StairCollider</Filter>
    </ClInclude>
    <ClInclude Include="..\public\Zombie_Attack.h">
      <Filter>FSM\Zombie</Filter>
    </ClInclude>
    <ClInclude Include="..\public\Zombie.h">
      <Filter>02.GameObject\03.Zombie</Filter>
    </ClInclude>
    <ClInclude Include="..\Public\Zombie_Run.h">
      <Filter>FSM\Zombie</Filter>
    </ClInclude>
    <ClInclude Include="..\Public\Zombie_Walk.h">
      <Filter>FSM\Zombie</Filter>
    </ClInclude>
    <ClInclude Include="..\Public\Zombie_Idle.h">
      <Filter>FSM\Zombie</Filter>
    </ClInclude>
    <ClInclude Include="..\Public\Zombie_Stair.h">
      <Filter>FSM\Zombie</Filter>
    </ClInclude>
    <ClInclude Include="..\public\Zombie_Damaged.h">
      <Filter>FSM\Zombie</Filter>
    </ClInclude>
    <ClInclude Include="..\public\Zombie_Dead.h">
      <Filter>FSM\Zombie</Filter>
    </ClInclude>
    <ClInclude Include="..\public\Player_Execute.h">
      <Filter>FSM\Player</Filter>
    </ClInclude>
    <ClInclude Include="..\public\Player_Damaged.h">
      <Filter>FSM\Player</Filter>
    </ClInclude>
    <ClInclude Include="..\public\Body_Zombie.h">
      <Filter>02.GameObject\03.Zombie\Body</Filter>
    </ClInclude>
    <ClInclude Include="..\public\Zombie_Fatal.h">
      <Filter>FSM\Zombie</Filter>
    </ClInclude>
    <ClInclude Include="..\public\Zombie_StealthDeath.h">
      <Filter>FSM\Zombie</Filter>
    </ClInclude>
    <ClInclude Include="..\public\Player_StealthAttack.h">
      <Filter>FSM\Player</Filter>
    </ClInclude>
    <ClInclude Include="..\public\Sky.h">
      <Filter>02.GameObject\05.Sky</Filter>
    </ClInclude>
    <ClInclude Include="..\Bin\ShaderFiles\Shader_Defines.hpp">
      <Filter>Shaderfiles</Filter>
    </ClInclude>
  </ItemGroup>
  <ItemGroup>
    <ClCompile Include="Client.cpp">
      <Filter>99.Default</Filter>
    </ClCompile>
    <ClCompile Include="..\Private\MainApp.cpp">
      <Filter>00.MainApp</Filter>
    </ClCompile>
    <ClCompile Include="..\Private\Loader.cpp">
      <Filter>01.Levels\Loading\Loader</Filter>
    </ClCompile>
    <ClCompile Include="..\Private\Level_Logo.cpp">
      <Filter>01.Levels\Logo</Filter>
    </ClCompile>
    <ClCompile Include="..\Private\Level_Loading.cpp">
      <Filter>01.Levels\Loading</Filter>
    </ClCompile>
    <ClCompile Include="..\Private\BackGround.cpp">
      <Filter>02.GameObject\00.BackGround</Filter>
    </ClCompile>
    <ClCompile Include="..\Private\Player.cpp">
      <Filter>02.GameObject\02.Player</Filter>
    </ClCompile>
    <ClCompile Include="..\Private\ImguiHandler.cpp">
      <Filter>97.ImguiHandler</Filter>
    </ClCompile>
    <ClCompile Include="..\private\Camera_Free.cpp">
      <Filter>02.GameObject\01.Camera</Filter>
    </ClCompile>
    <ClCompile Include="..\Private\Level_Shelter.cpp">
      <Filter>01.Levels\Shelter</Filter>
    </ClCompile>
    <ClCompile Include="..\private\Inventory.cpp">
      <Filter>02.GameObject\04.Inventory</Filter>
    </ClCompile>
    <ClCompile Include="..\private\ItemFrame.cpp">
      <Filter>02.GameObject\04.Inventory\ItemFrame</Filter>
    </ClCompile>
    <ClCompile Include="..\private\ItemIcon.cpp">
      <Filter>02.GameObject\04.Inventory\ItemIcon</Filter>
    </ClCompile>
    <ClCompile Include="..\private\EquipBorder.cpp">
      <Filter>02.GameObject\04.Inventory\EquipBorder</Filter>
    </ClCompile>
    <ClCompile Include="..\Private\Level_Stage1.cpp">
      <Filter>01.Levels\Stage1</Filter>
    </ClCompile>
    <ClCompile Include="..\private\Level_Stage2.cpp">
      <Filter>01.Levels\Stage2</Filter>
    </ClCompile>
    <ClCompile Include="..\private\State.cpp">
      <Filter>FSM</Filter>
    </ClCompile>
    <ClCompile Include="..\private\Player_Idle.cpp">
      <Filter>FSM\Player</Filter>
    </ClCompile>
    <ClCompile Include="..\private\Body_Player.cpp">
      <Filter>02.GameObject\02.Player\Body</Filter>
    </ClCompile>
    <ClCompile Include="..\private\StateMachine.cpp">
      <Filter>FSM</Filter>
    </ClCompile>
    <ClCompile Include="..\private\Player_Run.cpp">
      <Filter>FSM\Player</Filter>
    </ClCompile>
    <ClCompile Include="..\private\Player_Walk.cpp">
      <Filter>FSM\Player</Filter>
    </ClCompile>
    <ClCompile Include="..\private\Player_Attack.cpp">
      <Filter>FSM\Player</Filter>
    </ClCompile>
    <ClCompile Include="..\private\Player_Stair.cpp">
      <Filter>FSM\Player</Filter>
    </ClCompile>
    <ClCompile Include="..\private\Stair_Collider.cpp">
      <Filter>02.GameObject\StairCollider</Filter>
    </ClCompile>
    <ClCompile Include="..\private\Zombie_Attack.cpp">
      <Filter>FSM\Zombie</Filter>
    </ClCompile>
    <ClCompile Include="..\private\Zombie.cpp">
      <Filter>02.GameObject\03.Zombie</Filter>
    </ClCompile>
    <ClCompile Include="..\private\Body_Zombie.cpp">
      <Filter>02.GameObject\03.Zombie\Body</Filter>
    </ClCompile>
    <ClCompile Include="..\Private\Zombie_Run.cpp">
      <Filter>FSM\Zombie</Filter>
    </ClCompile>
    <ClCompile Include="..\Private\Zombie_Stair.cpp">
      <Filter>FSM\Zombie</Filter>
    </ClCompile>
    <ClCompile Include="..\Private\Zombie_Idle.cpp">
      <Filter>FSM\Zombie</Filter>
    </ClCompile>
    <ClCompile Include="..\Private\Zombie_Walk.cpp">
      <Filter>FSM\Zombie</Filter>
    </ClCompile>
    <ClCompile Include="..\private\Zombie_Damaged.cpp">
      <Filter>FSM\Zombie</Filter>
    </ClCompile>
    <ClCompile Include="..\private\Zombie_Dead.cpp">
      <Filter>FSM\Zombie</Filter>
    </ClCompile>
    <ClCompile Include="..\private\Player_Execute.cpp">
      <Filter>FSM\Player</Filter>
    </ClCompile>
    <ClCompile Include="..\private\Player_Damaged.cpp">
      <Filter>FSM\Player</Filter>
    </ClCompile>
    <ClCompile Include="..\private\Zombie_Fatal.cpp">
      <Filter>FSM\Zombie</Filter>
    </ClCompile>
    <ClCompile Include="..\private\Zombie_StealthDeath.cpp">
      <Filter>FSM\Zombie</Filter>
    </ClCompile>
    <ClCompile Include="..\private\Player_StealthAttack.cpp">
      <Filter>FSM\Player</Filter>
    </ClCompile>
    <ClCompile Include="..\private\Sky.cpp">
      <Filter>02.GameObject\05.Sky</Filter>
    </ClCompile>
  </ItemGroup>
  <ItemGroup>
    <Image Include="Client.ico">
      <Filter>99.Default</Filter>
    </Image>
    <Image Include="small.ico">
      <Filter>99.Default</Filter>
    </Image>
  </ItemGroup>
  <ItemGroup>
    <ResourceCompile Include="Client.rc">
      <Filter>99.Default</Filter>
    </ResourceCompile>
  </ItemGroup>
  <ItemGroup>
    <FxCompile Include="..\Bin\ShaderFiles\Shader_Collider.hlsl">
      <Filter>Shaderfiles</Filter>
    </FxCompile>
    <FxCompile Include="..\Bin\ShaderFiles\Shader_VtxAnimMesh.hlsl">
      <Filter>Shaderfiles</Filter>
    </FxCompile>
    <FxCompile Include="..\Bin\ShaderFiles\Shader_VtxBlur.hlsl">
      <Filter>Shaderfiles</Filter>
    </FxCompile>
    <FxCompile Include="..\Bin\ShaderFiles\Shader_VtxMesh.hlsl">
      <Filter>Shaderfiles</Filter>
    </FxCompile>
    <FxCompile Include="..\Bin\ShaderFiles\Shader_VtxNonAnim.hlsl">
      <Filter>Shaderfiles</Filter>
    </FxCompile>
    <FxCompile Include="..\Bin\ShaderFiles\Shader_VtxNorTex.hlsl">
      <Filter>Shaderfiles</Filter>
    </FxCompile>
    <FxCompile Include="..\Bin\ShaderFiles\Shader_VtxTex.hlsl">
      <Filter>Shaderfiles</Filter>
    </FxCompile>
    <FxCompile Include="..\Bin\ShaderFiles\VertexShader.hlsl">
      <Filter>Shaderfiles</Filter>
    </FxCompile>
    <FxCompile Include="..\Bin\ShaderFiles\Shader_Blocker.hlsl">
      <Filter>Shaderfiles</Filter>
    </FxCompile>
    <FxCompile Include="..\Bin\ShaderFiles\Shader_VtxCube.hlsl">
      <Filter>Shaderfiles</Filter>
    </FxCompile>
  </ItemGroup>
</Project>